
Microsoft Visual Studio Solution File, Format Version 12.00
# Visual Studio Version 17
VisualStudioVersion = 17.4.33213.308
MinimumVisualStudioVersion = 10.0.40219.1
Project("{FAE04EC0-301F-11D3-BF4B-00C04F79EFBC}") = "rentcar.Web", "rentcar.Web\rentcar.Web.csproj", "{E3D49FCA-49DB-412D-A911-C99721F51DA4}"
EndProject
Project("{FAE04EC0-301F-11D3-BF4B-00C04F79EFBC}") = "rentcar.BusinessLogic", "rentcar.BusinessLogic\rentcar.BusinessLogic.csproj", "{1A8DEE3F-82CD-43F4-8F7B-358E4B1777F8}"
EndProject
Project("{FAE04EC0-301F-11D3-BF4B-00C04F79EFBC}") = "rentcar.DataAccess", "rentcar.DataAccess\rentcar.DataAccess.csproj", "{BE4ABC87-6F84-4791-BF18-E4CB78BFAD7E}"
EndProject
Project("{FAE04EC0-301F-11D3-BF4B-00C04F79EFBC}") = "rentcar.BusinessObjects", "rencar.BusinessObjects\rentcar.BusinessObjects.csproj", "{D12C7B4C-E625-479C-8B07-3B3962391EEC}"
EndProject
Global
	GlobalSection(SolutionConfigurationPlatforms) = preSolution
		Debug|Any CPU = Debug|Any CPU
		Release|Any CPU = Release|Any CPU
	EndGlobalSection
	GlobalSection(ProjectConfigurationPlatforms) = postSolution
		{E3D49FCA-49DB-412D-A911-C99721F51DA4}.Debug|Any CPU.ActiveCfg = Debug|Any CPU
		{E3D49FCA-49DB-412D-A911-C99721F51DA4}.Debug|Any CPU.Build.0 = Debug|Any CPU
		{E3D49FCA-49DB-412D-A911-C99721F51DA4}.Release|Any CPU.ActiveCfg = Release|Any CPU
		{E3D49FCA-49DB-412D-A911-C99721F51DA4}.Release|Any CPU.Build.0 = Release|Any CPU
		{1A8DEE3F-82CD-43F4-8F7B-358E4B1777F8}.Debug|Any CPU.ActiveCfg = Debug|Any CPU
		{1A8DEE3F-82CD-43F4-8F7B-358E4B1777F8}.Debug|Any CPU.Build.0 = Debug|Any CPU
		{1A8DEE3F-82CD-43F4-8F7B-358E4B1777F8}.Release|Any CPU.ActiveCfg = Release|Any CPU
		{1A8DEE3F-82CD-43F4-8F7B-358E4B1777F8}.Release|Any CPU.Build.0 = Release|Any CPU
		{BE4ABC87-6F84-4791-BF18-E4CB78BFAD7E}.Debug|Any CPU.ActiveCfg = Debug|Any CPU
		{BE4ABC87-6F84-4791-BF18-E4CB78BFAD7E}.Debug|Any CPU.Build.0 = Debug|Any CPU
		{BE4ABC87-6F84-4791-BF18-E4CB78BFAD7E}.Release|Any CPU.ActiveCfg = Release|Any CPU
		{BE4ABC87-6F84-4791-BF18-E4CB78BFAD7E}.Release|Any CPU.Build.0 = Release|Any CPU
		{D12C7B4C-E625-479C-8B07-3B3962391EEC}.Debug|Any CPU.ActiveCfg = Debug|Any CPU
		{D12C7B4C-E625-479C-8B07-3B3962391EEC}.Debug|Any CPU.Build.0 = Debug|Any CPU
		{D12C7B4C-E625-479C-8B07-3B3962391EEC}.Release|Any CPU.ActiveCfg = Release|Any CPU
		{D12C7B4C-E625-479C-8B07-3B3962391EEC}.Release|Any CPU.Build.0 = Release|Any CPU
	EndGlobalSection
	GlobalSection(SolutionProperties) = preSolution
		HideSolutionNode = FALSE
	EndGlobalSection
	GlobalSection(ExtensibilityGlobals) = postSolution
		SolutionGuid = {CB110C19-75B9-4F1E-8DF1-53EF28FDF6B8}
	EndGlobalSection
EndGlobal
