
Microsoft Visual Studio Solution File, Format Version 12.00
# Visual Studio Version 17
VisualStudioVersion = 17.4.33213.308
MinimumVisualStudioVersion = 10.0.40219.1
Project("{FAE04EC0-301F-11D3-BF4B-00C04F79EFBC}") = "rentcar.Web", "rentcar.Web\rentcar.Web.csproj", "{E3D49FCA-49DB-412D-A911-C99721F51DA4}"
<<<<<<< HEAD
=======
EndProject
Project("{FAE04EC0-301F-11D3-BF4B-00C04F79EFBC}") = "rentcar.BusinessLogic", "rentcar.BusinessLogic\rentcar.BusinessLogic.csproj", "{F30A9EDB-8240-4C40-B096-0D03E8F694A6}"
EndProject
Project("{FAE04EC0-301F-11D3-BF4B-00C04F79EFBC}") = "rentcar.Helpers", "rentcar.Helpers\rentcar.Helpers.csproj", "{76D5A4E8-2F10-4784-8037-8B1D1503997A}"
EndProject
Project("{FAE04EC0-301F-11D3-BF4B-00C04F79EFBC}") = "rentcar.Domain", "rentcar.Domain\rentcar.Domain.csproj", "{06A72858-7DC0-45A2-A373-169D2CAF8E3C}"
>>>>>>> Busineslogicrevert
EndProject
Global
	GlobalSection(SolutionConfigurationPlatforms) = preSolution
		Debug|Any CPU = Debug|Any CPU
		Release|Any CPU = Release|Any CPU
	EndGlobalSection
	GlobalSection(ProjectConfigurationPlatforms) = postSolution
		{E3D49FCA-49DB-412D-A911-C99721F51DA4}.Debug|Any CPU.ActiveCfg = Debug|Any CPU
		{E3D49FCA-49DB-412D-A911-C99721F51DA4}.Debug|Any CPU.Build.0 = Debug|Any CPU
		{E3D49FCA-49DB-412D-A911-C99721F51DA4}.Release|Any CPU.ActiveCfg = Release|Any CPU
		{E3D49FCA-49DB-412D-A911-C99721F51DA4}.Release|Any CPU.Build.0 = Release|Any CPU
<<<<<<< HEAD
=======
		{F30A9EDB-8240-4C40-B096-0D03E8F694A6}.Debug|Any CPU.ActiveCfg = Debug|Any CPU
		{F30A9EDB-8240-4C40-B096-0D03E8F694A6}.Debug|Any CPU.Build.0 = Debug|Any CPU
		{F30A9EDB-8240-4C40-B096-0D03E8F694A6}.Release|Any CPU.ActiveCfg = Release|Any CPU
		{F30A9EDB-8240-4C40-B096-0D03E8F694A6}.Release|Any CPU.Build.0 = Release|Any CPU
		{76D5A4E8-2F10-4784-8037-8B1D1503997A}.Debug|Any CPU.ActiveCfg = Debug|Any CPU
		{76D5A4E8-2F10-4784-8037-8B1D1503997A}.Debug|Any CPU.Build.0 = Debug|Any CPU
		{76D5A4E8-2F10-4784-8037-8B1D1503997A}.Release|Any CPU.ActiveCfg = Release|Any CPU
		{76D5A4E8-2F10-4784-8037-8B1D1503997A}.Release|Any CPU.Build.0 = Release|Any CPU
		{06A72858-7DC0-45A2-A373-169D2CAF8E3C}.Debug|Any CPU.ActiveCfg = Debug|Any CPU
		{06A72858-7DC0-45A2-A373-169D2CAF8E3C}.Debug|Any CPU.Build.0 = Debug|Any CPU
		{06A72858-7DC0-45A2-A373-169D2CAF8E3C}.Release|Any CPU.ActiveCfg = Release|Any CPU
		{06A72858-7DC0-45A2-A373-169D2CAF8E3C}.Release|Any CPU.Build.0 = Release|Any CPU
>>>>>>> Busineslogicrevert
	EndGlobalSection
	GlobalSection(SolutionProperties) = preSolution
		HideSolutionNode = FALSE
	EndGlobalSection
	GlobalSection(ExtensibilityGlobals) = postSolution
		SolutionGuid = {CB110C19-75B9-4F1E-8DF1-53EF28FDF6B8}
	EndGlobalSection
EndGlobal
